// !$*UTF8*$!
{
	archiveVersion = 1;
	classes = {
	};
	objectVersion = 56;
	objects = {

/* Begin PBXBuildFile section */
		3A3462B4297D6A8800C63DE9 /* DateManager.swift in Sources */ = {isa = PBXBuildFile; fileRef = 3A3462B3297D6A8800C63DE9 /* DateManager.swift */; };
		3A3462B6297D6BCD00C63DE9 /* DateManagerProtocol.swift in Sources */ = {isa = PBXBuildFile; fileRef = 3A3462B5297D6BCD00C63DE9 /* DateManagerProtocol.swift */; };
		3A3462B8297D6F9A00C63DE9 /* AddAlarmViewModel.swift in Sources */ = {isa = PBXBuildFile; fileRef = 3A3462B7297D6F9A00C63DE9 /* AddAlarmViewModel.swift */; };
		3A3462BA297D707000C63DE9 /* AddAlarmViewModelProtocol.swift in Sources */ = {isa = PBXBuildFile; fileRef = 3A3462B9297D707000C63DE9 /* AddAlarmViewModelProtocol.swift */; };
		3A3462BC297D8C6B00C63DE9 /* Support.swift in Sources */ = {isa = PBXBuildFile; fileRef = 3A3462BB297D8C6B00C63DE9 /* Support.swift */; };
		3A3462BE297DAAB600C63DE9 /* NotificationManager.swift in Sources */ = {isa = PBXBuildFile; fileRef = 3A3462BD297DAAB600C63DE9 /* NotificationManager.swift */; };
		3A3462C0297DAF3900C63DE9 /* NotificationManagerProtocol.swift in Sources */ = {isa = PBXBuildFile; fileRef = 3A3462BF297DAF3900C63DE9 /* NotificationManagerProtocol.swift */; };
		3A3462C3297DB2DE00C63DE9 /* String + Extension.swift in Sources */ = {isa = PBXBuildFile; fileRef = 3A3462C2297DB2DE00C63DE9 /* String + Extension.swift */; };
		3AA4C225297BFD3A0009D873 /* AddAlarmViewController.swift in Sources */ = {isa = PBXBuildFile; fileRef = 3AA4C224297BFD3A0009D873 /* AddAlarmViewController.swift */; };
		3AA4C228297C09DD0009D873 /* AddVC + TVDS.swift in Sources */ = {isa = PBXBuildFile; fileRef = 3AA4C227297C09DD0009D873 /* AddVC + TVDS.swift */; };
		3AA4C22A297C0A050009D873 /* AddVC + TVDelegate.swift in Sources */ = {isa = PBXBuildFile; fileRef = 3AA4C229297C0A050009D873 /* AddVC + TVDelegate.swift */; };
		3AA4C22C297C14390009D873 /* bell.mp3 in Resources */ = {isa = PBXBuildFile; fileRef = 3AA4C22B297C14390009D873 /* bell.mp3 */; };
		3AA4C231297C1A9E0009D873 /* alarmSound.mp3 in Resources */ = {isa = PBXBuildFile; fileRef = 3AA4C230297C1A9E0009D873 /* alarmSound.mp3 */; };
		3AA9DEEE297AFDA0008BC350 /* AppDelegate.swift in Sources */ = {isa = PBXBuildFile; fileRef = 3AA9DEED297AFDA0008BC350 /* AppDelegate.swift */; };
		3AA9DEF0297AFDA0008BC350 /* SceneDelegate.swift in Sources */ = {isa = PBXBuildFile; fileRef = 3AA9DEEF297AFDA0008BC350 /* SceneDelegate.swift */; };
		3AA9DEF5297AFDA0008BC350 /* Main.storyboard in Resources */ = {isa = PBXBuildFile; fileRef = 3AA9DEF3297AFDA0008BC350 /* Main.storyboard */; };
		3AA9DEF7297AFDA2008BC350 /* Assets.xcassets in Resources */ = {isa = PBXBuildFile; fileRef = 3AA9DEF6297AFDA2008BC350 /* Assets.xcassets */; };
		3AA9DEFA297AFDA2008BC350 /* LaunchScreen.storyboard in Resources */ = {isa = PBXBuildFile; fileRef = 3AA9DEF8297AFDA2008BC350 /* LaunchScreen.storyboard */; };
		3AA9DF05297AFDA2008BC350 /* ProjectAlarmTests.swift in Sources */ = {isa = PBXBuildFile; fileRef = 3AA9DF04297AFDA2008BC350 /* ProjectAlarmTests.swift */; };
		3AA9DF0F297AFDA2008BC350 /* ProjectAlarmUITests.swift in Sources */ = {isa = PBXBuildFile; fileRef = 3AA9DF0E297AFDA2008BC350 /* ProjectAlarmUITests.swift */; };
		3AA9DF11297AFDA2008BC350 /* ProjectAlarmUITestsLaunchTests.swift in Sources */ = {isa = PBXBuildFile; fileRef = 3AA9DF10297AFDA2008BC350 /* ProjectAlarmUITestsLaunchTests.swift */; };
		3AA9DF1E297B105F008BC350 /* MainViewController.swift in Sources */ = {isa = PBXBuildFile; fileRef = 3AA9DF1D297B105F008BC350 /* MainViewController.swift */; };
		3AA9DF25297B112B008BC350 /* MainViewModel.swift in Sources */ = {isa = PBXBuildFile; fileRef = 3AA9DF24297B112B008BC350 /* MainViewModel.swift */; };
		3AA9DF29297B1401008BC350 /* MainViewModelProtocol.swift in Sources */ = {isa = PBXBuildFile; fileRef = 3AA9DF28297B1401008BC350 /* MainViewModelProtocol.swift */; };
		3AA9DF2D297B16D5008BC350 /* AlarmCell.swift in Sources */ = {isa = PBXBuildFile; fileRef = 3AA9DF2B297B16D5008BC350 /* AlarmCell.swift */; };
		3AA9DF2E297B16D5008BC350 /* AlarmCell.xib in Resources */ = {isa = PBXBuildFile; fileRef = 3AA9DF2C297B16D5008BC350 /* AlarmCell.xib */; };
/* End PBXBuildFile section */

/* Begin PBXContainerItemProxy section */
		3AA9DF01297AFDA2008BC350 /* PBXContainerItemProxy */ = {
			isa = PBXContainerItemProxy;
			containerPortal = 3AA9DEE2297AFDA0008BC350 /* Project object */;
			proxyType = 1;
			remoteGlobalIDString = 3AA9DEE9297AFDA0008BC350;
			remoteInfo = ProjectAlarm;
		};
		3AA9DF0B297AFDA2008BC350 /* PBXContainerItemProxy */ = {
			isa = PBXContainerItemProxy;
			containerPortal = 3AA9DEE2297AFDA0008BC350 /* Project object */;
			proxyType = 1;
			remoteGlobalIDString = 3AA9DEE9297AFDA0008BC350;
			remoteInfo = ProjectAlarm;
		};
/* End PBXContainerItemProxy section */

/* Begin PBXFileReference section */
		3A3462B3297D6A8800C63DE9 /* DateManager.swift */ = {isa = PBXFileReference; lastKnownFileType = sourcecode.swift; path = DateManager.swift; sourceTree = "<group>"; };
		3A3462B5297D6BCD00C63DE9 /* DateManagerProtocol.swift */ = {isa = PBXFileReference; lastKnownFileType = sourcecode.swift; path = DateManagerProtocol.swift; sourceTree = "<group>"; };
		3A3462B7297D6F9A00C63DE9 /* AddAlarmViewModel.swift */ = {isa = PBXFileReference; lastKnownFileType = sourcecode.swift; path = AddAlarmViewModel.swift; sourceTree = "<group>"; };
		3A3462B9297D707000C63DE9 /* AddAlarmViewModelProtocol.swift */ = {isa = PBXFileReference; lastKnownFileType = sourcecode.swift; path = AddAlarmViewModelProtocol.swift; sourceTree = "<group>"; };
		3A3462BB297D8C6B00C63DE9 /* Support.swift */ = {isa = PBXFileReference; lastKnownFileType = sourcecode.swift; path = Support.swift; sourceTree = "<group>"; };
		3A3462BD297DAAB600C63DE9 /* NotificationManager.swift */ = {isa = PBXFileReference; lastKnownFileType = sourcecode.swift; path = NotificationManager.swift; sourceTree = "<group>"; };
		3A3462BF297DAF3900C63DE9 /* NotificationManagerProtocol.swift */ = {isa = PBXFileReference; lastKnownFileType = sourcecode.swift; path = NotificationManagerProtocol.swift; sourceTree = "<group>"; };
		3A3462C2297DB2DE00C63DE9 /* String + Extension.swift */ = {isa = PBXFileReference; lastKnownFileType = sourcecode.swift; path = "String + Extension.swift"; sourceTree = "<group>"; };
		3AA4C224297BFD3A0009D873 /* AddAlarmViewController.swift */ = {isa = PBXFileReference; lastKnownFileType = sourcecode.swift; path = AddAlarmViewController.swift; sourceTree = "<group>"; };
		3AA4C227297C09DD0009D873 /* AddVC + TVDS.swift */ = {isa = PBXFileReference; lastKnownFileType = sourcecode.swift; path = "AddVC + TVDS.swift"; sourceTree = "<group>"; };
		3AA4C229297C0A050009D873 /* AddVC + TVDelegate.swift */ = {isa = PBXFileReference; lastKnownFileType = sourcecode.swift; path = "AddVC + TVDelegate.swift"; sourceTree = "<group>"; };
		3AA4C22B297C14390009D873 /* bell.mp3 */ = {isa = PBXFileReference; lastKnownFileType = audio.mp3; path = bell.mp3; sourceTree = "<group>"; };
		3AA4C230297C1A9E0009D873 /* alarmSound.mp3 */ = {isa = PBXFileReference; lastKnownFileType = audio.mp3; path = alarmSound.mp3; sourceTree = "<group>"; };
		3AA9DEEA297AFDA0008BC350 /* ProjectAlarm.app */ = {isa = PBXFileReference; explicitFileType = wrapper.application; includeInIndex = 0; path = ProjectAlarm.app; sourceTree = BUILT_PRODUCTS_DIR; };
		3AA9DEED297AFDA0008BC350 /* AppDelegate.swift */ = {isa = PBXFileReference; lastKnownFileType = sourcecode.swift; path = AppDelegate.swift; sourceTree = "<group>"; };
		3AA9DEEF297AFDA0008BC350 /* SceneDelegate.swift */ = {isa = PBXFileReference; lastKnownFileType = sourcecode.swift; path = SceneDelegate.swift; sourceTree = "<group>"; };
		3AA9DEF4297AFDA0008BC350 /* Base */ = {isa = PBXFileReference; lastKnownFileType = file.storyboard; name = Base; path = Base.lproj/Main.storyboard; sourceTree = "<group>"; };
		3AA9DEF6297AFDA2008BC350 /* Assets.xcassets */ = {isa = PBXFileReference; lastKnownFileType = folder.assetcatalog; path = Assets.xcassets; sourceTree = "<group>"; };
		3AA9DEF9297AFDA2008BC350 /* Base */ = {isa = PBXFileReference; lastKnownFileType = file.storyboard; name = Base; path = Base.lproj/LaunchScreen.storyboard; sourceTree = "<group>"; };
		3AA9DEFB297AFDA2008BC350 /* Info.plist */ = {isa = PBXFileReference; lastKnownFileType = text.plist.xml; path = Info.plist; sourceTree = "<group>"; };
		3AA9DF00297AFDA2008BC350 /* ProjectAlarmTests.xctest */ = {isa = PBXFileReference; explicitFileType = wrapper.cfbundle; includeInIndex = 0; path = ProjectAlarmTests.xctest; sourceTree = BUILT_PRODUCTS_DIR; };
		3AA9DF04297AFDA2008BC350 /* ProjectAlarmTests.swift */ = {isa = PBXFileReference; lastKnownFileType = sourcecode.swift; path = ProjectAlarmTests.swift; sourceTree = "<group>"; };
		3AA9DF0A297AFDA2008BC350 /* ProjectAlarmUITests.xctest */ = {isa = PBXFileReference; explicitFileType = wrapper.cfbundle; includeInIndex = 0; path = ProjectAlarmUITests.xctest; sourceTree = BUILT_PRODUCTS_DIR; };
		3AA9DF0E297AFDA2008BC350 /* ProjectAlarmUITests.swift */ = {isa = PBXFileReference; lastKnownFileType = sourcecode.swift; path = ProjectAlarmUITests.swift; sourceTree = "<group>"; };
		3AA9DF10297AFDA2008BC350 /* ProjectAlarmUITestsLaunchTests.swift */ = {isa = PBXFileReference; lastKnownFileType = sourcecode.swift; path = ProjectAlarmUITestsLaunchTests.swift; sourceTree = "<group>"; };
		3AA9DF1D297B105F008BC350 /* MainViewController.swift */ = {isa = PBXFileReference; lastKnownFileType = sourcecode.swift; path = MainViewController.swift; sourceTree = "<group>"; };
		3AA9DF24297B112B008BC350 /* MainViewModel.swift */ = {isa = PBXFileReference; lastKnownFileType = sourcecode.swift; path = MainViewModel.swift; sourceTree = "<group>"; };
		3AA9DF28297B1401008BC350 /* MainViewModelProtocol.swift */ = {isa = PBXFileReference; lastKnownFileType = sourcecode.swift; path = MainViewModelProtocol.swift; sourceTree = "<group>"; };
		3AA9DF2B297B16D5008BC350 /* AlarmCell.swift */ = {isa = PBXFileReference; lastKnownFileType = sourcecode.swift; path = AlarmCell.swift; sourceTree = "<group>"; };
		3AA9DF2C297B16D5008BC350 /* AlarmCell.xib */ = {isa = PBXFileReference; lastKnownFileType = file.xib; path = AlarmCell.xib; sourceTree = "<group>"; };
/* End PBXFileReference section */

/* Begin PBXFrameworksBuildPhase section */
		3AA9DEE7297AFDA0008BC350 /* Frameworks */ = {
			isa = PBXFrameworksBuildPhase;
			buildActionMask = 2147483647;
			files = (
			);
			runOnlyForDeploymentPostprocessing = 0;
		};
		3AA9DEFD297AFDA2008BC350 /* Frameworks */ = {
			isa = PBXFrameworksBuildPhase;
			buildActionMask = 2147483647;
			files = (
			);
			runOnlyForDeploymentPostprocessing = 0;
		};
		3AA9DF07297AFDA2008BC350 /* Frameworks */ = {
			isa = PBXFrameworksBuildPhase;
			buildActionMask = 2147483647;
			files = (
			);
			runOnlyForDeploymentPostprocessing = 0;
		};
/* End PBXFrameworksBuildPhase section */

/* Begin PBXGroup section */
		3A3462B2297D6A6500C63DE9 /* Managers */ = {
			isa = PBXGroup;
			children = (
				3A3462B3297D6A8800C63DE9 /* DateManager.swift */,
				3A3462BD297DAAB600C63DE9 /* NotificationManager.swift */,
			);
			path = Managers;
			sourceTree = "<group>";
		};
		3A3462C1297DB2CD00C63DE9 /* Support */ = {
			isa = PBXGroup;
			children = (
				3A3462BB297D8C6B00C63DE9 /* Support.swift */,
				3A3462C2297DB2DE00C63DE9 /* String + Extension.swift */,
			);
			path = Support;
			sourceTree = "<group>";
		};
		3AA4C226297C09B80009D873 /* AddViewControlle */ = {
			isa = PBXGroup;
			children = (
				3AA4C224297BFD3A0009D873 /* AddAlarmViewController.swift */,
				3AA4C227297C09DD0009D873 /* AddVC + TVDS.swift */,
				3AA4C229297C0A050009D873 /* AddVC + TVDelegate.swift */,
			);
			path = AddViewControlle;
			sourceTree = "<group>";
		};
		3AA4C22D297C144B0009D873 /* Sound */ = {
			isa = PBXGroup;
			children = (
				3AA4C230297C1A9E0009D873 /* alarmSound.mp3 */,
				3AA4C22B297C14390009D873 /* bell.mp3 */,
			);
			path = Sound;
			sourceTree = "<group>";
		};
		3AA9DEE1297AFDA0008BC350 = {
			isa = PBXGroup;
			children = (
				3AA9DEEC297AFDA0008BC350 /* ProjectAlarm */,
				3AA9DF03297AFDA2008BC350 /* ProjectAlarmTests */,
				3AA9DF0D297AFDA2008BC350 /* ProjectAlarmUITests */,
				3AA9DEEB297AFDA0008BC350 /* Products */,
			);
			sourceTree = "<group>";
		};
		3AA9DEEB297AFDA0008BC350 /* Products */ = {
			isa = PBXGroup;
			children = (
				3AA9DEEA297AFDA0008BC350 /* ProjectAlarm.app */,
				3AA9DF00297AFDA2008BC350 /* ProjectAlarmTests.xctest */,
				3AA9DF0A297AFDA2008BC350 /* ProjectAlarmUITests.xctest */,
			);
			name = Products;
			sourceTree = "<group>";
		};
		3AA9DEEC297AFDA0008BC350 /* ProjectAlarm */ = {
			isa = PBXGroup;
			children = (
				3AA9DEED297AFDA0008BC350 /* AppDelegate.swift */,
				3AA9DEEF297AFDA0008BC350 /* SceneDelegate.swift */,
				3AA9DF22297B1103008BC350 /* Model */,
				3AA9DF21297B10F8008BC350 /* ViewModel */,
				3AA9DF1F297B10BF008BC350 /* View */,
				3AA9DF23297B110A008BC350 /* Protocols */,
				3A3462B2297D6A6500C63DE9 /* Managers */,
				3AA9DEF6297AFDA2008BC350 /* Assets.xcassets */,
				3AA9DEFB297AFDA2008BC350 /* Info.plist */,
				3AA4C22D297C144B0009D873 /* Sound */,
				3A3462C1297DB2CD00C63DE9 /* Support */,
			);
			path = ProjectAlarm;
			sourceTree = "<group>";
		};
		3AA9DF03297AFDA2008BC350 /* ProjectAlarmTests */ = {
			isa = PBXGroup;
			children = (
				3AA9DF04297AFDA2008BC350 /* ProjectAlarmTests.swift */,
			);
			path = ProjectAlarmTests;
			sourceTree = "<group>";
		};
		3AA9DF0D297AFDA2008BC350 /* ProjectAlarmUITests */ = {
			isa = PBXGroup;
			children = (
				3AA9DF0E297AFDA2008BC350 /* ProjectAlarmUITests.swift */,
				3AA9DF10297AFDA2008BC350 /* ProjectAlarmUITestsLaunchTests.swift */,
			);
			path = ProjectAlarmUITests;
			sourceTree = "<group>";
		};
		3AA9DF1F297B10BF008BC350 /* View */ = {
			isa = PBXGroup;
			children = (
				3AA9DF1D297B105F008BC350 /* MainViewController.swift */,
				3AA9DF2A297B169D008BC350 /* Cell */,
				3AA4C226297C09B80009D873 /* AddViewControlle */,
				3AA9DF20297B10E2008BC350 /* Storyboard */,
			);
			path = View;
			sourceTree = "<group>";
		};
		3AA9DF20297B10E2008BC350 /* Storyboard */ = {
			isa = PBXGroup;
			children = (
				3AA9DEF3297AFDA0008BC350 /* Main.storyboard */,
				3AA9DEF8297AFDA2008BC350 /* LaunchScreen.storyboard */,
			);
			path = Storyboard;
			sourceTree = "<group>";
		};
		3AA9DF21297B10F8008BC350 /* ViewModel */ = {
			isa = PBXGroup;
			children = (
				3AA9DF24297B112B008BC350 /* MainViewModel.swift */,
				3A3462B7297D6F9A00C63DE9 /* AddAlarmViewModel.swift */,
			);
			path = ViewModel;
			sourceTree = "<group>";
		};
		3AA9DF22297B1103008BC350 /* Model */ = {
			isa = PBXGroup;
			children = (
			);
			path = Model;
			sourceTree = "<group>";
		};
		3AA9DF23297B110A008BC350 /* Protocols */ = {
			isa = PBXGroup;
			children = (
				3AA9DF28297B1401008BC350 /* MainViewModelProtocol.swift */,
				3A3462B5297D6BCD00C63DE9 /* DateManagerProtocol.swift */,
				3A3462B9297D707000C63DE9 /* AddAlarmViewModelProtocol.swift */,
				3A3462BF297DAF3900C63DE9 /* NotificationManagerProtocol.swift */,
			);
			path = Protocols;
			sourceTree = "<group>";
		};
		3AA9DF2A297B169D008BC350 /* Cell */ = {
			isa = PBXGroup;
			children = (
				3AA9DF2B297B16D5008BC350 /* AlarmCell.swift */,
				3AA9DF2C297B16D5008BC350 /* AlarmCell.xib */,
			);
			path = Cell;
			sourceTree = "<group>";
		};
/* End PBXGroup section */

/* Begin PBXNativeTarget section */
		3AA9DEE9297AFDA0008BC350 /* ProjectAlarm */ = {
			isa = PBXNativeTarget;
			buildConfigurationList = 3AA9DF14297AFDA2008BC350 /* Build configuration list for PBXNativeTarget "ProjectAlarm" */;
			buildPhases = (
				3AA9DEE6297AFDA0008BC350 /* Sources */,
				3AA9DEE7297AFDA0008BC350 /* Frameworks */,
				3AA9DEE8297AFDA0008BC350 /* Resources */,
			);
			buildRules = (
			);
			dependencies = (
			);
			name = ProjectAlarm;
			productName = ProjectAlarm;
			productReference = 3AA9DEEA297AFDA0008BC350 /* ProjectAlarm.app */;
			productType = "com.apple.product-type.application";
		};
		3AA9DEFF297AFDA2008BC350 /* ProjectAlarmTests */ = {
			isa = PBXNativeTarget;
			buildConfigurationList = 3AA9DF17297AFDA2008BC350 /* Build configuration list for PBXNativeTarget "ProjectAlarmTests" */;
			buildPhases = (
				3AA9DEFC297AFDA2008BC350 /* Sources */,
				3AA9DEFD297AFDA2008BC350 /* Frameworks */,
				3AA9DEFE297AFDA2008BC350 /* Resources */,
			);
			buildRules = (
			);
			dependencies = (
				3AA9DF02297AFDA2008BC350 /* PBXTargetDependency */,
			);
			name = ProjectAlarmTests;
			productName = ProjectAlarmTests;
			productReference = 3AA9DF00297AFDA2008BC350 /* ProjectAlarmTests.xctest */;
			productType = "com.apple.product-type.bundle.unit-test";
		};
		3AA9DF09297AFDA2008BC350 /* ProjectAlarmUITests */ = {
			isa = PBXNativeTarget;
			buildConfigurationList = 3AA9DF1A297AFDA2008BC350 /* Build configuration list for PBXNativeTarget "ProjectAlarmUITests" */;
			buildPhases = (
				3AA9DF06297AFDA2008BC350 /* Sources */,
				3AA9DF07297AFDA2008BC350 /* Frameworks */,
				3AA9DF08297AFDA2008BC350 /* Resources */,
			);
			buildRules = (
			);
			dependencies = (
				3AA9DF0C297AFDA2008BC350 /* PBXTargetDependency */,
			);
			name = ProjectAlarmUITests;
			productName = ProjectAlarmUITests;
			productReference = 3AA9DF0A297AFDA2008BC350 /* ProjectAlarmUITests.xctest */;
			productType = "com.apple.product-type.bundle.ui-testing";
		};
/* End PBXNativeTarget section */

/* Begin PBXProject section */
		3AA9DEE2297AFDA0008BC350 /* Project object */ = {
			isa = PBXProject;
			attributes = {
				BuildIndependentTargetsInParallel = 1;
				LastSwiftUpdateCheck = 1420;
				LastUpgradeCheck = 1420;
				TargetAttributes = {
					3AA9DEE9297AFDA0008BC350 = {
						CreatedOnToolsVersion = 14.2;
					};
					3AA9DEFF297AFDA2008BC350 = {
						CreatedOnToolsVersion = 14.2;
						TestTargetID = 3AA9DEE9297AFDA0008BC350;
					};
					3AA9DF09297AFDA2008BC350 = {
						CreatedOnToolsVersion = 14.2;
						TestTargetID = 3AA9DEE9297AFDA0008BC350;
					};
				};
			};
			buildConfigurationList = 3AA9DEE5297AFDA0008BC350 /* Build configuration list for PBXProject "ProjectAlarm" */;
			compatibilityVersion = "Xcode 14.0";
			developmentRegion = en;
			hasScannedForEncodings = 0;
			knownRegions = (
				en,
				Base,
			);
			mainGroup = 3AA9DEE1297AFDA0008BC350;
			productRefGroup = 3AA9DEEB297AFDA0008BC350 /* Products */;
			projectDirPath = "";
			projectRoot = "";
			targets = (
				3AA9DEE9297AFDA0008BC350 /* ProjectAlarm */,
				3AA9DEFF297AFDA2008BC350 /* ProjectAlarmTests */,
				3AA9DF09297AFDA2008BC350 /* ProjectAlarmUITests */,
			);
		};
/* End PBXProject section */

/* Begin PBXResourcesBuildPhase section */
		3AA9DEE8297AFDA0008BC350 /* Resources */ = {
			isa = PBXResourcesBuildPhase;
			buildActionMask = 2147483647;
			files = (
				3AA4C231297C1A9E0009D873 /* alarmSound.mp3 in Resources */,
				3AA9DEFA297AFDA2008BC350 /* LaunchScreen.storyboard in Resources */,
				3AA4C22C297C14390009D873 /* bell.mp3 in Resources */,
				3AA9DEF7297AFDA2008BC350 /* Assets.xcassets in Resources */,
				3AA9DEF5297AFDA0008BC350 /* Main.storyboard in Resources */,
				3AA9DF2E297B16D5008BC350 /* AlarmCell.xib in Resources */,
			);
			runOnlyForDeploymentPostprocessing = 0;
		};
		3AA9DEFE297AFDA2008BC350 /* Resources */ = {
			isa = PBXResourcesBuildPhase;
			buildActionMask = 2147483647;
			files = (
			);
			runOnlyForDeploymentPostprocessing = 0;
		};
		3AA9DF08297AFDA2008BC350 /* Resources */ = {
			isa = PBXResourcesBuildPhase;
			buildActionMask = 2147483647;
			files = (
			);
			runOnlyForDeploymentPostprocessing = 0;
		};
/* End PBXResourcesBuildPhase section */

/* Begin PBXSourcesBuildPhase section */
		3AA9DEE6297AFDA0008BC350 /* Sources */ = {
			isa = PBXSourcesBuildPhase;
			buildActionMask = 2147483647;
			files = (
				3A3462C0297DAF3900C63DE9 /* NotificationManagerProtocol.swift in Sources */,
				3AA9DF1E297B105F008BC350 /* MainViewController.swift in Sources */,
				3A3462B4297D6A8800C63DE9 /* DateManager.swift in Sources */,
				3AA4C22A297C0A050009D873 /* AddVC + TVDelegate.swift in Sources */,
				3AA9DF29297B1401008BC350 /* MainViewModelProtocol.swift in Sources */,
				3A3462B8297D6F9A00C63DE9 /* AddAlarmViewModel.swift in Sources */,
				3AA4C225297BFD3A0009D873 /* AddAlarmViewController.swift in Sources */,
				3AA4C228297C09DD0009D873 /* AddVC + TVDS.swift in Sources */,
				3A3462BC297D8C6B00C63DE9 /* Support.swift in Sources */,
				3A3462BA297D707000C63DE9 /* AddAlarmViewModelProtocol.swift in Sources */,
				3A3462B6297D6BCD00C63DE9 /* DateManagerProtocol.swift in Sources */,
				3AA9DEEE297AFDA0008BC350 /* AppDelegate.swift in Sources */,
				3AA9DEF0297AFDA0008BC350 /* SceneDelegate.swift in Sources */,
				3A3462C3297DB2DE00C63DE9 /* String + Extension.swift in Sources */,
				3A3462BE297DAAB600C63DE9 /* NotificationManager.swift in Sources */,
				3AA9DF25297B112B008BC350 /* MainViewModel.swift in Sources */,
				3AA9DF2D297B16D5008BC350 /* AlarmCell.swift in Sources */,
			);
			runOnlyForDeploymentPostprocessing = 0;
		};
		3AA9DEFC297AFDA2008BC350 /* Sources */ = {
			isa = PBXSourcesBuildPhase;
			buildActionMask = 2147483647;
			files = (
				3AA9DF05297AFDA2008BC350 /* ProjectAlarmTests.swift in Sources */,
			);
			runOnlyForDeploymentPostprocessing = 0;
		};
		3AA9DF06297AFDA2008BC350 /* Sources */ = {
			isa = PBXSourcesBuildPhase;
			buildActionMask = 2147483647;
			files = (
				3AA9DF11297AFDA2008BC350 /* ProjectAlarmUITestsLaunchTests.swift in Sources */,
				3AA9DF0F297AFDA2008BC350 /* ProjectAlarmUITests.swift in Sources */,
			);
			runOnlyForDeploymentPostprocessing = 0;
		};
/* End PBXSourcesBuildPhase section */

/* Begin PBXTargetDependency section */
		3AA9DF02297AFDA2008BC350 /* PBXTargetDependency */ = {
			isa = PBXTargetDependency;
			target = 3AA9DEE9297AFDA0008BC350 /* ProjectAlarm */;
			targetProxy = 3AA9DF01297AFDA2008BC350 /* PBXContainerItemProxy */;
		};
		3AA9DF0C297AFDA2008BC350 /* PBXTargetDependency */ = {
			isa = PBXTargetDependency;
			target = 3AA9DEE9297AFDA0008BC350 /* ProjectAlarm */;
			targetProxy = 3AA9DF0B297AFDA2008BC350 /* PBXContainerItemProxy */;
		};
/* End PBXTargetDependency section */

/* Begin PBXVariantGroup section */
		3AA9DEF3297AFDA0008BC350 /* Main.storyboard */ = {
			isa = PBXVariantGroup;
			children = (
				3AA9DEF4297AFDA0008BC350 /* Base */,
			);
			name = Main.storyboard;
			sourceTree = "<group>";
		};
		3AA9DEF8297AFDA2008BC350 /* LaunchScreen.storyboard */ = {
			isa = PBXVariantGroup;
			children = (
				3AA9DEF9297AFDA2008BC350 /* Base */,
			);
			name = LaunchScreen.storyboard;
			sourceTree = "<group>";
		};
/* End PBXVariantGroup section */

/* Begin XCBuildConfiguration section */
		3AA9DF12297AFDA2008BC350 /* Debug */ = {
			isa = XCBuildConfiguration;
			buildSettings = {
				ALWAYS_SEARCH_USER_PATHS = NO;
				CLANG_ANALYZER_LOCALIZABILITY_NONLOCALIZED = YES;
				CLANG_ANALYZER_NONNULL = YES;
				CLANG_ANALYZER_NUMBER_OBJECT_CONVERSION = YES_AGGRESSIVE;
				CLANG_CXX_LANGUAGE_STANDARD = "gnu++20";
				CLANG_ENABLE_MODULES = YES;
				CLANG_ENABLE_OBJC_ARC = YES;
				CLANG_ENABLE_OBJC_WEAK = YES;
				CLANG_WARN_BLOCK_CAPTURE_AUTORELEASING = YES;
				CLANG_WARN_BOOL_CONVERSION = YES;
				CLANG_WARN_COMMA = YES;
				CLANG_WARN_CONSTANT_CONVERSION = YES;
				CLANG_WARN_DEPRECATED_OBJC_IMPLEMENTATIONS = YES;
				CLANG_WARN_DIRECT_OBJC_ISA_USAGE = YES_ERROR;
				CLANG_WARN_DOCUMENTATION_COMMENTS = YES;
				CLANG_WARN_EMPTY_BODY = YES;
				CLANG_WARN_ENUM_CONVERSION = YES;
				CLANG_WARN_INFINITE_RECURSION = YES;
				CLANG_WARN_INT_CONVERSION = YES;
				CLANG_WARN_NON_LITERAL_NULL_CONVERSION = YES;
				CLANG_WARN_OBJC_IMPLICIT_RETAIN_SELF = YES;
				CLANG_WARN_OBJC_LITERAL_CONVERSION = YES;
				CLANG_WARN_OBJC_ROOT_CLASS = YES_ERROR;
				CLANG_WARN_QUOTED_INCLUDE_IN_FRAMEWORK_HEADER = YES;
				CLANG_WARN_RANGE_LOOP_ANALYSIS = YES;
				CLANG_WARN_STRICT_PROTOTYPES = YES;
				CLANG_WARN_SUSPICIOUS_MOVE = YES;
				CLANG_WARN_UNGUARDED_AVAILABILITY = YES_AGGRESSIVE;
				CLANG_WARN_UNREACHABLE_CODE = YES;
				CLANG_WARN__DUPLICATE_METHOD_MATCH = YES;
				COPY_PHASE_STRIP = NO;
				DEBUG_INFORMATION_FORMAT = dwarf;
				ENABLE_STRICT_OBJC_MSGSEND = YES;
				ENABLE_TESTABILITY = YES;
				GCC_C_LANGUAGE_STANDARD = gnu11;
				GCC_DYNAMIC_NO_PIC = NO;
				GCC_NO_COMMON_BLOCKS = YES;
				GCC_OPTIMIZATION_LEVEL = 0;
				GCC_PREPROCESSOR_DEFINITIONS = (
					"DEBUG=1",
					"$(inherited)",
				);
				GCC_WARN_64_TO_32_BIT_CONVERSION = YES;
				GCC_WARN_ABOUT_RETURN_TYPE = YES_ERROR;
				GCC_WARN_UNDECLARED_SELECTOR = YES;
				GCC_WARN_UNINITIALIZED_AUTOS = YES_AGGRESSIVE;
				GCC_WARN_UNUSED_FUNCTION = YES;
				GCC_WARN_UNUSED_VARIABLE = YES;
				IPHONEOS_DEPLOYMENT_TARGET = 16.2;
				MTL_ENABLE_DEBUG_INFO = INCLUDE_SOURCE;
				MTL_FAST_MATH = YES;
				ONLY_ACTIVE_ARCH = YES;
				SDKROOT = iphoneos;
				SWIFT_ACTIVE_COMPILATION_CONDITIONS = DEBUG;
				SWIFT_OPTIMIZATION_LEVEL = "-Onone";
			};
			name = Debug;
		};
		3AA9DF13297AFDA2008BC350 /* Release */ = {
			isa = XCBuildConfiguration;
			buildSettings = {
				ALWAYS_SEARCH_USER_PATHS = NO;
				CLANG_ANALYZER_LOCALIZABILITY_NONLOCALIZED = YES;
				CLANG_ANALYZER_NONNULL = YES;
				CLANG_ANALYZER_NUMBER_OBJECT_CONVERSION = YES_AGGRESSIVE;
				CLANG_CXX_LANGUAGE_STANDARD = "gnu++20";
				CLANG_ENABLE_MODULES = YES;
				CLANG_ENABLE_OBJC_ARC = YES;
				CLANG_ENABLE_OBJC_WEAK = YES;
				CLANG_WARN_BLOCK_CAPTURE_AUTORELEASING = YES;
				CLANG_WARN_BOOL_CONVERSION = YES;
				CLANG_WARN_COMMA = YES;
				CLANG_WARN_CONSTANT_CONVERSION = YES;
				CLANG_WARN_DEPRECATED_OBJC_IMPLEMENTATIONS = YES;
				CLANG_WARN_DIRECT_OBJC_ISA_USAGE = YES_ERROR;
				CLANG_WARN_DOCUMENTATION_COMMENTS = YES;
				CLANG_WARN_EMPTY_BODY = YES;
				CLANG_WARN_ENUM_CONVERSION = YES;
				CLANG_WARN_INFINITE_RECURSION = YES;
				CLANG_WARN_INT_CONVERSION = YES;
				CLANG_WARN_NON_LITERAL_NULL_CONVERSION = YES;
				CLANG_WARN_OBJC_IMPLICIT_RETAIN_SELF = YES;
				CLANG_WARN_OBJC_LITERAL_CONVERSION = YES;
				CLANG_WARN_OBJC_ROOT_CLASS = YES_ERROR;
				CLANG_WARN_QUOTED_INCLUDE_IN_FRAMEWORK_HEADER = YES;
				CLANG_WARN_RANGE_LOOP_ANALYSIS = YES;
				CLANG_WARN_STRICT_PROTOTYPES = YES;
				CLANG_WARN_SUSPICIOUS_MOVE = YES;
				CLANG_WARN_UNGUARDED_AVAILABILITY = YES_AGGRESSIVE;
				CLANG_WARN_UNREACHABLE_CODE = YES;
				CLANG_WARN__DUPLICATE_METHOD_MATCH = YES;
				COPY_PHASE_STRIP = NO;
				DEBUG_INFORMATION_FORMAT = "dwarf-with-dsym";
				ENABLE_NS_ASSERTIONS = NO;
				ENABLE_STRICT_OBJC_MSGSEND = YES;
				GCC_C_LANGUAGE_STANDARD = gnu11;
				GCC_NO_COMMON_BLOCKS = YES;
				GCC_WARN_64_TO_32_BIT_CONVERSION = YES;
				GCC_WARN_ABOUT_RETURN_TYPE = YES_ERROR;
				GCC_WARN_UNDECLARED_SELECTOR = YES;
				GCC_WARN_UNINITIALIZED_AUTOS = YES_AGGRESSIVE;
				GCC_WARN_UNUSED_FUNCTION = YES;
				GCC_WARN_UNUSED_VARIABLE = YES;
				IPHONEOS_DEPLOYMENT_TARGET = 16.2;
				MTL_ENABLE_DEBUG_INFO = NO;
				MTL_FAST_MATH = YES;
				SDKROOT = iphoneos;
				SWIFT_COMPILATION_MODE = wholemodule;
				SWIFT_OPTIMIZATION_LEVEL = "-O";
				VALIDATE_PRODUCT = YES;
			};
			name = Release;
		};
		3AA9DF15297AFDA2008BC350 /* Debug */ = {
			isa = XCBuildConfiguration;
			buildSettings = {
				ASSETCATALOG_COMPILER_APPICON_NAME = AppIcon;
				ASSETCATALOG_COMPILER_GLOBAL_ACCENT_COLOR_NAME = AccentColor;
				CODE_SIGN_STYLE = Automatic;
				CURRENT_PROJECT_VERSION = 1;
				DEVELOPMENT_TEAM = FS563UXRHA;
				GENERATE_INFOPLIST_FILE = YES;
				INFOPLIST_FILE = ProjectAlarm/Info.plist;
				INFOPLIST_KEY_UIApplicationSupportsIndirectInputEvents = YES;
				INFOPLIST_KEY_UILaunchStoryboardName = LaunchScreen;
				INFOPLIST_KEY_UIMainStoryboardFile = Main;
				INFOPLIST_KEY_UISupportedInterfaceOrientations_iPad = "UIInterfaceOrientationPortrait UIInterfaceOrientationPortraitUpsideDown UIInterfaceOrientationLandscapeLeft UIInterfaceOrientationLandscapeRight";
				INFOPLIST_KEY_UISupportedInterfaceOrientations_iPhone = "UIInterfaceOrientationPortrait UIInterfaceOrientationLandscapeLeft UIInterfaceOrientationLandscapeRight";
				LD_RUNPATH_SEARCH_PATHS = (
					"$(inherited)",
					"@executable_path/Frameworks",
				);
				MARKETING_VERSION = 1.0;
				PRODUCT_BUNDLE_IDENTIFIER = anton.AlarmProject;
				PRODUCT_NAME = "$(TARGET_NAME)";
				SUPPORTED_PLATFORMS = "iphoneos iphonesimulator";
				SUPPORTS_MACCATALYST = NO;
				SUPPORTS_MAC_DESIGNED_FOR_IPHONE_IPAD = NO;
				SWIFT_EMIT_LOC_STRINGS = YES;
				SWIFT_VERSION = 5.0;
				TARGETED_DEVICE_FAMILY = 1;
			};
			name = Debug;
		};
		3AA9DF16297AFDA2008BC350 /* Release */ = {
			isa = XCBuildConfiguration;
			buildSettings = {
				ASSETCATALOG_COMPILER_APPICON_NAME = AppIcon;
				ASSETCATALOG_COMPILER_GLOBAL_ACCENT_COLOR_NAME = AccentColor;
				CODE_SIGN_STYLE = Automatic;
				CURRENT_PROJECT_VERSION = 1;
				DEVELOPMENT_TEAM = FS563UXRHA;
				GENERATE_INFOPLIST_FILE = YES;
				INFOPLIST_FILE = ProjectAlarm/Info.plist;
				INFOPLIST_KEY_UIApplicationSupportsIndirectInputEvents = YES;
				INFOPLIST_KEY_UILaunchStoryboardName = LaunchScreen;
				INFOPLIST_KEY_UIMainStoryboardFile = Main;
				INFOPLIST_KEY_UISupportedInterfaceOrientations_iPad = "UIInterfaceOrientationPortrait UIInterfaceOrientationPortraitUpsideDown UIInterfaceOrientationLandscapeLeft UIInterfaceOrientationLandscapeRight";
				INFOPLIST_KEY_UISupportedInterfaceOrientations_iPhone = "UIInterfaceOrientationPortrait UIInterfaceOrientationLandscapeLeft UIInterfaceOrientationLandscapeRight";
				LD_RUNPATH_SEARCH_PATHS = (
					"$(inherited)",
					"@executable_path/Frameworks",
				);
				MARKETING_VERSION = 1.0;
				PRODUCT_BUNDLE_IDENTIFIER = anton.AlarmProject;
				PRODUCT_NAME = "$(TARGET_NAME)";
				SUPPORTED_PLATFORMS = "iphoneos iphonesimulator";
				SUPPORTS_MACCATALYST = NO;
				SUPPORTS_MAC_DESIGNED_FOR_IPHONE_IPAD = NO;
				SWIFT_EMIT_LOC_STRINGS = YES;
				SWIFT_VERSION = 5.0;
				TARGETED_DEVICE_FAMILY = 1;
			};
			name = Release;
		};
		3AA9DF18297AFDA2008BC350 /* Debug */ = {
			isa = XCBuildConfiguration;
			buildSettings = {
				ALWAYS_EMBED_SWIFT_STANDARD_LIBRARIES = YES;
				BUNDLE_LOADER = "$(TEST_HOST)";
				CODE_SIGN_STYLE = Automatic;
				CURRENT_PROJECT_VERSION = 1;
				DEVELOPMENT_TEAM = FS563UXRHA;
				GENERATE_INFOPLIST_FILE = YES;
				IPHONEOS_DEPLOYMENT_TARGET = 16.2;
				MARKETING_VERSION = 1.0;
				PRODUCT_BUNDLE_IDENTIFIER = anton.ProjectAlarmTests;
				PRODUCT_NAME = "$(TARGET_NAME)";
				SWIFT_EMIT_LOC_STRINGS = NO;
				SWIFT_VERSION = 5.0;
				TARGETED_DEVICE_FAMILY = "1,2";
				TEST_HOST = "$(BUILT_PRODUCTS_DIR)/ProjectAlarm.app/$(BUNDLE_EXECUTABLE_FOLDER_PATH)/ProjectAlarm";
			};
			name = Debug;
		};
		3AA9DF19297AFDA2008BC350 /* Release */ = {
			isa = XCBuildConfiguration;
			buildSettings = {
				ALWAYS_EMBED_SWIFT_STANDARD_LIBRARIES = YES;
				BUNDLE_LOADER = "$(TEST_HOST)";
				CODE_SIGN_STYLE = Automatic;
				CURRENT_PROJECT_VERSION = 1;
				DEVELOPMENT_TEAM = FS563UXRHA;
				GENERATE_INFOPLIST_FILE = YES;
				IPHONEOS_DEPLOYMENT_TARGET = 16.2;
				MARKETING_VERSION = 1.0;
				PRODUCT_BUNDLE_IDENTIFIER = anton.ProjectAlarmTests;
				PRODUCT_NAME = "$(TARGET_NAME)";
				SWIFT_EMIT_LOC_STRINGS = NO;
				SWIFT_VERSION = 5.0;
				TARGETED_DEVICE_FAMILY = "1,2";
				TEST_HOST = "$(BUILT_PRODUCTS_DIR)/ProjectAlarm.app/$(BUNDLE_EXECUTABLE_FOLDER_PATH)/ProjectAlarm";
			};
			name = Release;
		};
		3AA9DF1B297AFDA2008BC350 /* Debug */ = {
			isa = XCBuildConfiguration;
			buildSettings = {
				ALWAYS_EMBED_SWIFT_STANDARD_LIBRARIES = YES;
				CODE_SIGN_STYLE = Automatic;
				CURRENT_PROJECT_VERSION = 1;
				DEVELOPMENT_TEAM = FS563UXRHA;
				GENERATE_INFOPLIST_FILE = YES;
				MARKETING_VERSION = 1.0;
				PRODUCT_BUNDLE_IDENTIFIER = anton.ProjectAlarmUITests;
				PRODUCT_NAME = "$(TARGET_NAME)";
				SWIFT_EMIT_LOC_STRINGS = NO;
				SWIFT_VERSION = 5.0;
				TARGETED_DEVICE_FAMILY = "1,2";
				TEST_TARGET_NAME = ProjectAlarm;
			};
			name = Debug;
		};
		3AA9DF1C297AFDA2008BC350 /* Release */ = {
			isa = XCBuildConfiguration;
			buildSettings = {
				ALWAYS_EMBED_SWIFT_STANDARD_LIBRARIES = YES;
				CODE_SIGN_STYLE = Automatic;
				CURRENT_PROJECT_VERSION = 1;
				DEVELOPMENT_TEAM = FS563UXRHA;
				GENERATE_INFOPLIST_FILE = YES;
				MARKETING_VERSION = 1.0;
				PRODUCT_BUNDLE_IDENTIFIER = anton.ProjectAlarmUITests;
				PRODUCT_NAME = "$(TARGET_NAME)";
				SWIFT_EMIT_LOC_STRINGS = NO;
				SWIFT_VERSION = 5.0;
				TARGETED_DEVICE_FAMILY = "1,2";
				TEST_TARGET_NAME = ProjectAlarm;
			};
			name = Release;
		};
/* End XCBuildConfiguration section */

/* Begin XCConfigurationList section */
		3AA9DEE5297AFDA0008BC350 /* Build configuration list for PBXProject "ProjectAlarm" */ = {
			isa = XCConfigurationList;
			buildConfigurations = (
				3AA9DF12297AFDA2008BC350 /* Debug */,
				3AA9DF13297AFDA2008BC350 /* Release */,
			);
			defaultConfigurationIsVisible = 0;
			defaultConfigurationName = Release;
		};
		3AA9DF14297AFDA2008BC350 /* Build configuration list for PBXNativeTarget "ProjectAlarm" */ = {
			isa = XCConfigurationList;
			buildConfigurations = (
				3AA9DF15297AFDA2008BC350 /* Debug */,
				3AA9DF16297AFDA2008BC350 /* Release */,
			);
			defaultConfigurationIsVisible = 0;
			defaultConfigurationName = Release;
		};
		3AA9DF17297AFDA2008BC350 /* Build configuration list for PBXNativeTarget "ProjectAlarmTests" */ = {
			isa = XCConfigurationList;
			buildConfigurations = (
				3AA9DF18297AFDA2008BC350 /* Debug */,
				3AA9DF19297AFDA2008BC350 /* Release */,
			);
			defaultConfigurationIsVisible = 0;
			defaultConfigurationName = Release;
		};
		3AA9DF1A297AFDA2008BC350 /* Build configuration list for PBXNativeTarget "ProjectAlarmUITests" */ = {
			isa = XCConfigurationList;
			buildConfigurations = (
				3AA9DF1B297AFDA2008BC350 /* Debug */,
				3AA9DF1C297AFDA2008BC350 /* Release */,
			);
			defaultConfigurationIsVisible = 0;
			defaultConfigurationName = Release;
		};
/* End XCConfigurationList section */
	};
	rootObject = 3AA9DEE2297AFDA0008BC350 /* Project object */;
}
